
Microsoft Visual Studio Solution File, Format Version 12.00
# Visual Studio Version 17
VisualStudioVersion = 17.4.33213.308
MinimumVisualStudioVersion = 10.0.40219.1
Project("{9A19103F-16F7-4668-BE54-9A1E7A4F7556}") = "CoreDemo", "CoreDemo\CoreDemo.csproj", "{0377411F-361A-4C00-9A1B-826912BBB955}"
EndProject
Project("{9A19103F-16F7-4668-BE54-9A1E7A4F7556}") = "EntityLayer", "EntityLayer\EntityLayer.csproj", "{37F78DA4-A7A9-44A3-8E86-761BA868896D}"
EndProject
Project("{9A19103F-16F7-4668-BE54-9A1E7A4F7556}") = "DataAccessLayer", "DataAccessLayer\DataAccessLayer.csproj", "{2EA6D102-862D-48F8-A938-0AD0E4D3F9CD}"
EndProject
Project("{9A19103F-16F7-4668-BE54-9A1E7A4F7556}") = "BusinessLayer", "BusinessLayer\BusinessLayer.csproj", "{0E50F865-DD37-4FCD-A2F6-3B8130533536}"
EndProject
Project("{9A19103F-16F7-4668-BE54-9A1E7A4F7556}") = "CoreLayer", "CoreLayer\CoreLayer.csproj", "{52159A3E-FC8B-418E-BAD1-56B6E58EF3B3}"
EndProject
Project("{FAE04EC0-301F-11D3-BF4B-00C04F79EFBC}") = "BlogApiDemo", "BlogApiDemo\BlogApiDemo.csproj", "{4E290BF0-025C-484A-8406-3E60335EA656}"
EndProject
Global
	GlobalSection(SolutionConfigurationPlatforms) = preSolution
		Debug|Any CPU = Debug|Any CPU
		Release|Any CPU = Release|Any CPU
	EndGlobalSection
	GlobalSection(ProjectConfigurationPlatforms) = postSolution
		{0377411F-361A-4C00-9A1B-826912BBB955}.Debug|Any CPU.ActiveCfg = Debug|Any CPU
		{0377411F-361A-4C00-9A1B-826912BBB955}.Debug|Any CPU.Build.0 = Debug|Any CPU
		{0377411F-361A-4C00-9A1B-826912BBB955}.Release|Any CPU.ActiveCfg = Release|Any CPU
		{0377411F-361A-4C00-9A1B-826912BBB955}.Release|Any CPU.Build.0 = Release|Any CPU
		{37F78DA4-A7A9-44A3-8E86-761BA868896D}.Debug|Any CPU.ActiveCfg = Debug|Any CPU
		{37F78DA4-A7A9-44A3-8E86-761BA868896D}.Debug|Any CPU.Build.0 = Debug|Any CPU
		{37F78DA4-A7A9-44A3-8E86-761BA868896D}.Release|Any CPU.ActiveCfg = Release|Any CPU
		{37F78DA4-A7A9-44A3-8E86-761BA868896D}.Release|Any CPU.Build.0 = Release|Any CPU
		{2EA6D102-862D-48F8-A938-0AD0E4D3F9CD}.Debug|Any CPU.ActiveCfg = Debug|Any CPU
		{2EA6D102-862D-48F8-A938-0AD0E4D3F9CD}.Debug|Any CPU.Build.0 = Debug|Any CPU
		{2EA6D102-862D-48F8-A938-0AD0E4D3F9CD}.Release|Any CPU.ActiveCfg = Release|Any CPU
		{2EA6D102-862D-48F8-A938-0AD0E4D3F9CD}.Release|Any CPU.Build.0 = Release|Any CPU
		{0E50F865-DD37-4FCD-A2F6-3B8130533536}.Debug|Any CPU.ActiveCfg = Debug|Any CPU
		{0E50F865-DD37-4FCD-A2F6-3B8130533536}.Debug|Any CPU.Build.0 = Debug|Any CPU
		{0E50F865-DD37-4FCD-A2F6-3B8130533536}.Release|Any CPU.ActiveCfg = Release|Any CPU
		{0E50F865-DD37-4FCD-A2F6-3B8130533536}.Release|Any CPU.Build.0 = Release|Any CPU
		{52159A3E-FC8B-418E-BAD1-56B6E58EF3B3}.Debug|Any CPU.ActiveCfg = Debug|Any CPU
		{52159A3E-FC8B-418E-BAD1-56B6E58EF3B3}.Debug|Any CPU.Build.0 = Debug|Any CPU
		{52159A3E-FC8B-418E-BAD1-56B6E58EF3B3}.Release|Any CPU.ActiveCfg = Release|Any CPU
		{52159A3E-FC8B-418E-BAD1-56B6E58EF3B3}.Release|Any CPU.Build.0 = Release|Any CPU
		{4E290BF0-025C-484A-8406-3E60335EA656}.Debug|Any CPU.ActiveCfg = Debug|Any CPU
		{4E290BF0-025C-484A-8406-3E60335EA656}.Debug|Any CPU.Build.0 = Debug|Any CPU
		{4E290BF0-025C-484A-8406-3E60335EA656}.Release|Any CPU.ActiveCfg = Release|Any CPU
		{4E290BF0-025C-484A-8406-3E60335EA656}.Release|Any CPU.Build.0 = Release|Any CPU
	EndGlobalSection
	GlobalSection(SolutionProperties) = preSolution
		HideSolutionNode = FALSE
	EndGlobalSection
	GlobalSection(ExtensibilityGlobals) = postSolution
		SolutionGuid = {D89D7F63-FC18-4A76-8C28-497B61231223}
	EndGlobalSection
EndGlobal
